# THIS IS AN AUTOGENERATED FILE. DO NOT EDIT THIS FILE DIRECTLY.
# yarn lockfile v1


"define-lazy-prop@^2.0.0":
  "integrity" "sha512-Ds09qNh8yw3khSjiJjiUInaGX9xlqZDY7JVryGxdxV7NPeuqQfplOpQ66yJFZut3jLa5zOwkXw1g9EI2uKh4Og=="
  "resolved" "https://registry.npmjs.org/define-lazy-prop/-/define-lazy-prop-2.0.0.tgz"
  "version" "2.0.0"

"fs-extra@^10.0.1":
  "integrity" "sha512-NbdoVMZso2Lsrn/QwLXOy6rm0ufY2zEOKCDzJR/0kBsb0E6qed0P3iYK+Ath3BfvXEeu4JhEtXLgILx5psUfag=="
  "resolved" "https://registry.npmjs.org/fs-extra/-/fs-extra-10.0.1.tgz"
  "version" "10.0.1"
  dependencies:
    "graceful-fs" "^4.2.0"
    "jsonfile" "^6.0.1"
    "universalify" "^2.0.0"

"graceful-fs@^4.1.6", "graceful-fs@^4.2.0":
  "integrity" "sha512-NtNxqUcXgpW2iMrfqSfR73Glt39K+BLwWsPs94yR63v45T0Wbej7eRmL5cWfwEgqXnmjQp3zaJTshdRW/qC2ZQ=="
  "resolved" "https://registry.npmjs.org/graceful-fs/-/graceful-fs-4.2.9.tgz"
  "version" "4.2.9"

"is-docker@^2.0.0", "is-docker@^2.1.1":
  "integrity" "sha512-F+i2BKsFrH66iaUFc0woD8sLy8getkwTwtOBjvs56Cx4CgJDeKQeqfz8wAYiSb8JOprWhHH5p77PbmYCvvUuXQ=="
  "resolved" "https://registry.npmjs.org/is-docker/-/is-docker-2.2.1.tgz"
  "version" "2.2.1"

"is-wsl@^2.2.0":
  "integrity" "sha512-fKzAra0rGJUUBwGBgNkHZuToZcn+TtXHpeCgmkMJMMYx1sQDYaCSyjJBSCa2nH1DGm7s3n1oBnohoVTBaN7Lww=="
  "resolved" "https://registry.npmjs.org/is-wsl/-/is-wsl-2.2.0.tgz"
  "version" "2.2.0"
  dependencies:
    "is-docker" "^2.0.0"

"jsonfile@^6.0.1":
  "integrity" "sha512-5dgndWOriYSm5cnYaJNhalLNDKOqFwyDB/rr1E9ZsGciGvKPs8R2xYGCacuf3z6K1YKDz182fd+fY3cn3pMqXQ=="
  "resolved" "https://registry.npmjs.org/jsonfile/-/jsonfile-6.1.0.tgz"
  "version" "6.1.0"
  dependencies:
    "universalify" "^2.0.0"
  optionalDependencies:
    "graceful-fs" "^4.1.6"

"open@^8.4.0":
  "integrity" "sha512-XgFPPM+B28FtCCgSb9I+s9szOC1vZRSwgWsRUA5ylIxRTgKozqjOCrVOqGsYABPYK5qnfqClxZTFBa8PKt2v6Q=="
  "resolved" "https://registry.npmjs.org/open/-/open-8.4.0.tgz"
  "version" "8.4.0"
  dependencies:
    "define-lazy-prop" "^2.0.0"
    "is-docker" "^2.1.1"
    "is-wsl" "^2.2.0"

"rambdax@^8.0.1":
  "integrity" "sha512-0hZag7A4PSSOG0P4AoluStiRMLFnM/1C/D7BdCBNvrqHfmeY7QDnxvkoXmTLmb6dXbnjS2SwyrXmlWCoq35Jlw=="
  "resolved" "https://registry.npmjs.org/rambdax/-/rambdax-8.0.1.tgz"
  "version" "8.0.1"

"rambdax@7.0.1":
  "integrity" "sha512-Xrrp45dg1PLt40LMcjfNyVDcPBndzpR2t+AXGAcc9iqU9lD9bnk/b1B+n4W5tFXoSKDmZmgckcA8ajgVzbtxGA=="
  "resolved" "https://registry.npmjs.org/rambdax/-/rambdax-7.0.1.tgz"
  "version" "7.0.1"

"string-fn@^3.1.0":
  "integrity" "sha512-LFje5UeJH6t0XILNbwjUWctL5aU9yDKz8ILPzKVHDgw6ZGR8ebulvRD0zjUVEGKzCNxi1IzJK63/HR+7Q9HQQQ=="
  "resolved" "https://registry.npmjs.org/string-fn/-/string-fn-3.1.0.tgz"
  "version" "3.1.0"
  dependencies:
    "rambdax" "7.0.1"

"universalify@^2.0.0":
  "integrity" "sha512-hAZsKq7Yy11Zu1DE0OzWjw7nnLZmJZYTDZZyEFHZdUhV8FkH5MCfoU1XMaxXovpyW5nq5scPqq0ZDP9Zyl04oQ=="
  "resolved" "https://registry.npmjs.org/universalify/-/universalify-2.0.0.tgz"
  "version" "2.0.0"
